
Microsoft Visual Studio Solution File, Format Version 12.00
# Visual Studio Version 16
VisualStudioVersion = 16.0.30907.101
MinimumVisualStudioVersion = 10.0.40219.1
Project("{FAE04EC0-301F-11D3-BF4B-00C04F79EFBC}") = "GdeDaJedem", "GdeDaJedem.csproj", "{CF0ABD04-2C2A-4BA2-9ADD-064D8DEA3276}"
EndProject
Project("{FAE04EC0-301F-11D3-BF4B-00C04F79EFBC}") = "GdeDaJedem.Domain", "..\GdeDaJedem.Domain\GdeDaJedem.Domain.csproj", "{291B74D4-B1D0-4125-ACB7-2CAE6CE7AA18}"
EndProject
Project("{FAE04EC0-301F-11D3-BF4B-00C04F79EFBC}") = "GdeDaJedem.Entity", "..\GdeDaJedem.Entity\GdeDaJedem.Entity.csproj", "{9F29A4A9-5D2D-4455-8C3B-D1983C10A947}"
EndProject
Global
	GlobalSection(SolutionConfigurationPlatforms) = preSolution
		Debug|Any CPU = Debug|Any CPU
		Release|Any CPU = Release|Any CPU
	EndGlobalSection
	GlobalSection(ProjectConfigurationPlatforms) = postSolution
		{CF0ABD04-2C2A-4BA2-9ADD-064D8DEA3276}.Debug|Any CPU.ActiveCfg = Debug|Any CPU
		{CF0ABD04-2C2A-4BA2-9ADD-064D8DEA3276}.Debug|Any CPU.Build.0 = Debug|Any CPU
		{CF0ABD04-2C2A-4BA2-9ADD-064D8DEA3276}.Release|Any CPU.ActiveCfg = Release|Any CPU
		{CF0ABD04-2C2A-4BA2-9ADD-064D8DEA3276}.Release|Any CPU.Build.0 = Release|Any CPU
		{291B74D4-B1D0-4125-ACB7-2CAE6CE7AA18}.Debug|Any CPU.ActiveCfg = Debug|Any CPU
		{291B74D4-B1D0-4125-ACB7-2CAE6CE7AA18}.Debug|Any CPU.Build.0 = Debug|Any CPU
		{291B74D4-B1D0-4125-ACB7-2CAE6CE7AA18}.Release|Any CPU.ActiveCfg = Release|Any CPU
		{291B74D4-B1D0-4125-ACB7-2CAE6CE7AA18}.Release|Any CPU.Build.0 = Release|Any CPU
		{9F29A4A9-5D2D-4455-8C3B-D1983C10A947}.Debug|Any CPU.ActiveCfg = Debug|Any CPU
		{9F29A4A9-5D2D-4455-8C3B-D1983C10A947}.Debug|Any CPU.Build.0 = Debug|Any CPU
		{9F29A4A9-5D2D-4455-8C3B-D1983C10A947}.Release|Any CPU.ActiveCfg = Release|Any CPU
		{9F29A4A9-5D2D-4455-8C3B-D1983C10A947}.Release|Any CPU.Build.0 = Release|Any CPU
	EndGlobalSection
	GlobalSection(SolutionProperties) = preSolution
		HideSolutionNode = FALSE
	EndGlobalSection
	GlobalSection(ExtensibilityGlobals) = postSolution
		SolutionGuid = {7C0BB0DC-B9C5-4901-86E3-662A6A334992}
	EndGlobalSection
EndGlobal
